Microsoft Visual Studio Solution File, Format Version 12.00
# Visual Studio Version 17
VisualStudioVersion = 17.5.2.0
MinimumVisualStudioVersion = 10.0.40219.1
Project("{FAE04EC0-301F-11D3-BF4B-00C04F79EFBC}") = "Payments", "Payments\Payments.csproj", "{CEB6539C-0D2A-FA16-1D4E-A3B4AC6D2CD9}"
EndProject
Global
	GlobalSection(SolutionConfigurationPlatforms) = preSolution
		Debug|Any CPU = Debug|Any CPU
		Release|Any CPU = Release|Any CPU
	EndGlobalSection
	GlobalSection(ProjectConfigurationPlatforms) = postSolution
		{CEB6539C-0D2A-FA16-1D4E-A3B4AC6D2CD9}.Debug|Any CPU.ActiveCfg = Debug|Any CPU
		{CEB6539C-0D2A-FA16-1D4E-A3B4AC6D2CD9}.Debug|Any CPU.Build.0 = Debug|Any CPU
		{CEB6539C-0D2A-FA16-1D4E-A3B4AC6D2CD9}.Release|Any CPU.ActiveCfg = Release|Any CPU
		{CEB6539C-0D2A-FA16-1D4E-A3B4AC6D2CD9}.Release|Any CPU.Build.0 = Release|Any CPU
	EndGlobalSection
	GlobalSection(SolutionProperties) = preSolution
		HideSolutionNode = FALSE
	EndGlobalSection
	GlobalSection(ExtensibilityGlobals) = postSolution
		SolutionGuid = {84D68255-E49D-476A-AA7F-5997AD451DC0}
	EndGlobalSection
EndGlobal
